
Microsoft Visual Studio Solution File, Format Version 12.00
# Visual Studio Version 17
VisualStudioVersion = 17.12.35527.113
MinimumVisualStudioVersion = 10.0.40219.1
Project("{FAE04EC0-301F-11D3-BF4B-00C04F79EFBC}") = "ApiProva", "ApiProva\ApiProva.csproj", "{273D6614-DD8A-4F93-953C-25F619786803}"
EndProject
Project("{2150E333-8FDC-42A3-9474-1A3956D46DE8}") = "Server", "Server", "{4A6BACB1-0C33-4715-B04D-7B01912DE640}"
EndProject
Project("{2150E333-8FDC-42A3-9474-1A3956D46DE8}") = "Client", "Client", "{7F4FA1A9-58F4-49E0-8373-212965E531B6}"
	ProjectSection(SolutionItems) = preProject
		index.html = index.html
		index.js = index.js
	EndProjectSection
EndProject
Global
	GlobalSection(SolutionConfigurationPlatforms) = preSolution
		Debug|Any CPU = Debug|Any CPU
		Release|Any CPU = Release|Any CPU
	EndGlobalSection
	GlobalSection(ProjectConfigurationPlatforms) = postSolution
		{273D6614-DD8A-4F93-953C-25F619786803}.Debug|Any CPU.ActiveCfg = Debug|Any CPU
		{273D6614-DD8A-4F93-953C-25F619786803}.Debug|Any CPU.Build.0 = Debug|Any CPU
		{273D6614-DD8A-4F93-953C-25F619786803}.Release|Any CPU.ActiveCfg = Release|Any CPU
		{273D6614-DD8A-4F93-953C-25F619786803}.Release|Any CPU.Build.0 = Release|Any CPU
	EndGlobalSection
	GlobalSection(SolutionProperties) = preSolution
		HideSolutionNode = FALSE
	EndGlobalSection
	GlobalSection(NestedProjects) = preSolution
		{273D6614-DD8A-4F93-953C-25F619786803} = {4A6BACB1-0C33-4715-B04D-7B01912DE640}
	EndGlobalSection
EndGlobal
